
Microsoft Visual Studio Solution File, Format Version 12.00
# Visual Studio Version 17
VisualStudioVersion = 17.9.34622.214
MinimumVisualStudioVersion = 10.0.40219.1
Project("{FAE04EC0-301F-11D3-BF4B-00C04F79EFBC}") = "ZooBazarLibrary", "..\ZooBazarLibrary\ZooBazarLibrary.csproj", "{7B764637-E7A8-4984-A0CB-8D89C5DAEA62}"
EndProject
Project("{FAE04EC0-301F-11D3-BF4B-00C04F79EFBC}") = "ZooBazarWEB", "..\ZooBazarWEB\ZooBazarWEB.csproj", "{C11109DE-4519-45C7-A145-BA036CD180B6}"
EndProject
Project("{FAE04EC0-301F-11D3-BF4B-00C04F79EFBC}") = "ZoobazarFrom", "..\ZoobazarFrom\ZoobazarFrom.csproj", "{1B82E357-A626-41C0-A3CE-FEBCEB696CC8}"
EndProject
Global
	GlobalSection(SolutionConfigurationPlatforms) = preSolution
		Debug|Any CPU = Debug|Any CPU
		Release|Any CPU = Release|Any CPU
	EndGlobalSection
	GlobalSection(ProjectConfigurationPlatforms) = postSolution
		{7B764637-E7A8-4984-A0CB-8D89C5DAEA62}.Debug|Any CPU.ActiveCfg = Debug|Any CPU
		{7B764637-E7A8-4984-A0CB-8D89C5DAEA62}.Debug|Any CPU.Build.0 = Debug|Any CPU
		{7B764637-E7A8-4984-A0CB-8D89C5DAEA62}.Release|Any CPU.ActiveCfg = Release|Any CPU
		{7B764637-E7A8-4984-A0CB-8D89C5DAEA62}.Release|Any CPU.Build.0 = Release|Any CPU
		{C11109DE-4519-45C7-A145-BA036CD180B6}.Debug|Any CPU.ActiveCfg = Debug|Any CPU
		{C11109DE-4519-45C7-A145-BA036CD180B6}.Debug|Any CPU.Build.0 = Debug|Any CPU
		{C11109DE-4519-45C7-A145-BA036CD180B6}.Release|Any CPU.ActiveCfg = Release|Any CPU
		{C11109DE-4519-45C7-A145-BA036CD180B6}.Release|Any CPU.Build.0 = Release|Any CPU
		{1B82E357-A626-41C0-A3CE-FEBCEB696CC8}.Debug|Any CPU.ActiveCfg = Debug|Any CPU
		{1B82E357-A626-41C0-A3CE-FEBCEB696CC8}.Debug|Any CPU.Build.0 = Debug|Any CPU
		{1B82E357-A626-41C0-A3CE-FEBCEB696CC8}.Release|Any CPU.ActiveCfg = Release|Any CPU
		{1B82E357-A626-41C0-A3CE-FEBCEB696CC8}.Release|Any CPU.Build.0 = Release|Any CPU
	EndGlobalSection
	GlobalSection(SolutionProperties) = preSolution
		HideSolutionNode = FALSE
	EndGlobalSection
	GlobalSection(ExtensibilityGlobals) = postSolution
		SolutionGuid = {4B8E74A6-B73B-443A-9DB1-B518688564F6}
	EndGlobalSection
EndGlobal
