
Microsoft Visual Studio Solution File, Format Version 12.00
# Visual Studio Version 17
VisualStudioVersion = 17.9.34622.214
MinimumVisualStudioVersion = 10.0.40219.1
Project("{9A19103F-16F7-4668-BE54-9A1E7A4F7556}") = "ZooBazarDesktopApp", "ZooBazarDesktopApp\ZooBazarDesktopApp.csproj", "{B80DCE4C-8FDE-4882-83A6-AEC0AA635DA0}"
EndProject
Project("{9A19103F-16F7-4668-BE54-9A1E7A4F7556}") = "ZooBazarWEB", "ZooBazarWEB\ZooBazarWEB.csproj", "{7110AA21-BE45-496B-89EF-F641B07D6264}"
EndProject
Project("{9A19103F-16F7-4668-BE54-9A1E7A4F7556}") = "Domain", "Domain\Domain.csproj", "{34EA1092-B34A-42E2-AE85-0CC247AA94DC}"
EndProject
Project("{9A19103F-16F7-4668-BE54-9A1E7A4F7556}") = "DataAccessLayer", "DataAccessLayer\DataAccessLayer.csproj", "{AD3C9832-E47B-452A-A7F6-443C57DB62B7}"
EndProject
Global
	GlobalSection(SolutionConfigurationPlatforms) = preSolution
		Debug|Any CPU = Debug|Any CPU
		Release|Any CPU = Release|Any CPU
	EndGlobalSection
	GlobalSection(ProjectConfigurationPlatforms) = postSolution
		{B80DCE4C-8FDE-4882-83A6-AEC0AA635DA0}.Debug|Any CPU.ActiveCfg = Debug|Any CPU
		{B80DCE4C-8FDE-4882-83A6-AEC0AA635DA0}.Debug|Any CPU.Build.0 = Debug|Any CPU
		{B80DCE4C-8FDE-4882-83A6-AEC0AA635DA0}.Release|Any CPU.ActiveCfg = Release|Any CPU
		{B80DCE4C-8FDE-4882-83A6-AEC0AA635DA0}.Release|Any CPU.Build.0 = Release|Any CPU
		{7110AA21-BE45-496B-89EF-F641B07D6264}.Debug|Any CPU.ActiveCfg = Debug|Any CPU
		{7110AA21-BE45-496B-89EF-F641B07D6264}.Debug|Any CPU.Build.0 = Debug|Any CPU
		{7110AA21-BE45-496B-89EF-F641B07D6264}.Release|Any CPU.ActiveCfg = Release|Any CPU
		{7110AA21-BE45-496B-89EF-F641B07D6264}.Release|Any CPU.Build.0 = Release|Any CPU
		{34EA1092-B34A-42E2-AE85-0CC247AA94DC}.Debug|Any CPU.ActiveCfg = Debug|Any CPU
		{34EA1092-B34A-42E2-AE85-0CC247AA94DC}.Debug|Any CPU.Build.0 = Debug|Any CPU
		{34EA1092-B34A-42E2-AE85-0CC247AA94DC}.Release|Any CPU.ActiveCfg = Release|Any CPU
		{34EA1092-B34A-42E2-AE85-0CC247AA94DC}.Release|Any CPU.Build.0 = Release|Any CPU
		{AD3C9832-E47B-452A-A7F6-443C57DB62B7}.Debug|Any CPU.ActiveCfg = Debug|Any CPU
		{AD3C9832-E47B-452A-A7F6-443C57DB62B7}.Debug|Any CPU.Build.0 = Debug|Any CPU
		{AD3C9832-E47B-452A-A7F6-443C57DB62B7}.Release|Any CPU.ActiveCfg = Release|Any CPU
		{AD3C9832-E47B-452A-A7F6-443C57DB62B7}.Release|Any CPU.Build.0 = Release|Any CPU
	EndGlobalSection
	GlobalSection(SolutionProperties) = preSolution
		HideSolutionNode = FALSE
	EndGlobalSection
	GlobalSection(ExtensibilityGlobals) = postSolution
		SolutionGuid = {263C7B94-BAE6-4F53-B1A8-62B88D02DDCA}
	EndGlobalSection
EndGlobal
